
Microsoft Visual Studio Solution File, Format Version 12.00
# Visual Studio Version 16
VisualStudioVersion = 16.0.31112.23
MinimumVisualStudioVersion = 10.0.40219.1
Project("{E24C65DC-7377-472B-9ABA-BC803B73C61A}") = "Assignment 5 part b", ".", "{9C0AEBAF-E334-4638-9F95-446B9539983E}"
	ProjectSection(WebsiteProperties) = preProject
		TargetFrameworkMoniker = ".NETFramework,Version%3Dv4.0"
		Debug.AspNetCompiler.VirtualPath = "/localhost_65307"
		Debug.AspNetCompiler.PhysicalPath = "..\..\..\Desktop\Front-End ADVANCED\Assignment 5 part b\"
		Debug.AspNetCompiler.TargetPath = "PrecompiledWeb\localhost_65307\"
		Debug.AspNetCompiler.Updateable = "true"
		Debug.AspNetCompiler.ForceOverwrite = "true"
		Debug.AspNetCompiler.FixedNames = "false"
		Debug.AspNetCompiler.Debug = "True"
		Release.AspNetCompiler.VirtualPath = "/localhost_65307"
		Release.AspNetCompiler.PhysicalPath = "..\..\..\Desktop\Front-End ADVANCED\Assignment 5 part b\"
		Release.AspNetCompiler.TargetPath = "PrecompiledWeb\localhost_65307\"
		Release.AspNetCompiler.Updateable = "true"
		Release.AspNetCompiler.ForceOverwrite = "true"
		Release.AspNetCompiler.FixedNames = "false"
		Release.AspNetCompiler.Debug = "False"
		VWDPort = "65307"
	EndProjectSection
EndProject
Global
	GlobalSection(SolutionConfigurationPlatforms) = preSolution
		Debug|Any CPU = Debug|Any CPU
	EndGlobalSection
	GlobalSection(ProjectConfigurationPlatforms) = postSolution
		{9C0AEBAF-E334-4638-9F95-446B9539983E}.Debug|Any CPU.ActiveCfg = Debug|Any CPU
		{9C0AEBAF-E334-4638-9F95-446B9539983E}.Debug|Any CPU.Build.0 = Debug|Any CPU
	EndGlobalSection
	GlobalSection(SolutionProperties) = preSolution
		HideSolutionNode = FALSE
	EndGlobalSection
	GlobalSection(ExtensibilityGlobals) = postSolution
		SolutionGuid = {4E1D2D05-2F83-447F-8093-E34D9B5A65F5}
	EndGlobalSection
EndGlobal
